
Microsoft Visual Studio Solution File, Format Version 12.00
# Visual Studio Version 16
VisualStudioVersion = 16.0.32929.386
MinimumVisualStudioVersion = 10.0.40219.1
Project("{8BC9CEB8-8B4A-11D0-8D11-00A0C91BC942}") = "collector_txt", "collector_txt.vcxproj", "{6A182719-C8FE-45C2-BD2A-62453A813D22}"
EndProject
Global
	GlobalSection(SolutionConfigurationPlatforms) = preSolution
		Debug|x64 = Debug|x64
		Debug|x86 = Debug|x86
		Release|x64 = Release|x64
		Release|x86 = Release|x86
	EndGlobalSection
	GlobalSection(ProjectConfigurationPlatforms) = postSolution
		{6A182719-C8FE-45C2-BD2A-62453A813D22}.Debug|x64.ActiveCfg = Debug|x64
		{6A182719-C8FE-45C2-BD2A-62453A813D22}.Debug|x64.Build.0 = Debug|x64
		{6A182719-C8FE-45C2-BD2A-62453A813D22}.Debug|x86.ActiveCfg = Debug|Win32
		{6A182719-C8FE-45C2-BD2A-62453A813D22}.Debug|x86.Build.0 = Debug|Win32
		{6A182719-C8FE-45C2-BD2A-62453A813D22}.Release|x64.ActiveCfg = Release|x64
		{6A182719-C8FE-45C2-BD2A-62453A813D22}.Release|x64.Build.0 = Release|x64
		{6A182719-C8FE-45C2-BD2A-62453A813D22}.Release|x86.ActiveCfg = Release|Win32
		{6A182719-C8FE-45C2-BD2A-62453A813D22}.Release|x86.Build.0 = Release|Win32
	EndGlobalSection
	GlobalSection(SolutionProperties) = preSolution
		HideSolutionNode = FALSE
	EndGlobalSection
	GlobalSection(ExtensibilityGlobals) = postSolution
		SolutionGuid = {64ADBA28-571F-47F9-BFC4-1D5C035B662C}
	EndGlobalSection
EndGlobal
